{
  "version": 4,
  "terraform_version": "0.14.7",
  "serial": 35,
  "lineage": "e7d48e22-88ac-f836-ff03-b38476622ee8",
  "outputs": {
    "account_id": {
      "value": "589076428231",
      "type": "string"
    },
    "azs-of-region": {
      "value": "589076428231",
      "type": "string"
    },
    "no-azs-of-region": {
      "value": 6,
      "type": "number"
    },
    "vpc_id": {
      "value": "vpc-07b06b0dc9e4c6e55",
      "type": "string"
    }
  },
  "resources": [
    {
      "mode": "data",
      "type": "aws_availability_zones",
      "name": "available",
      "provider": "provider[\"registry.terraform.io/hashicorp/aws\"]",
      "instances": [
        {
          "schema_version": 0,
          "attributes": {
            "all_availability_zones": null,
            "exclude_names": null,
            "exclude_zone_ids": null,
            "filter": null,
            "group_names": [
              "us-east-1"
            ],
            "id": "us-east-1",
            "names": [
              "us-east-1a",
              "us-east-1b",
              "us-east-1c",
              "us-east-1d",
              "us-east-1e",
              "us-east-1f"
            ],
            "state": "available",
            "zone_ids": [
              "use1-az2",
              "use1-az4",
              "use1-az6",
              "use1-az1",
              "use1-az3",
              "use1-az5"
            ]
          },
          "sensitive_attributes": []
        }
      ]
    },
    {
      "mode": "data",
      "type": "aws_caller_identity",
      "name": "current",
      "provider": "provider[\"registry.terraform.io/hashicorp/aws\"]",
      "instances": [
        {
          "schema_version": 0,
          "attributes": {
            "account_id": "589076428231",
            "arn": "arn:aws:iam::589076428231:user/terraformdemo-new",
            "id": "589076428231",
            "user_id": "AIDAYSJ5Q6XDTL5Q46WOS"
          },
          "sensitive_attributes": []
        }
      ]
    },
    {
      "mode": "managed",
      "type": "aws_subnet",
      "name": "con_sub",
      "provider": "provider[\"registry.terraform.io/hashicorp/aws\"]",
      "instances": [
        {
          "index_key": 0,
          "schema_version": 1,
          "attributes": {
            "arn": "arn:aws:ec2:us-east-1:589076428231:subnet/subnet-0e266630a8989ed54",
            "assign_ipv6_address_on_creation": false,
            "availability_zone": "us-east-1e",
            "availability_zone_id": "use1-az3",
            "cidr_block": "10.0.192.0/20",
            "customer_owned_ipv4_pool": "",
            "id": "subnet-0e266630a8989ed54",
            "ipv6_cidr_block": "",
            "ipv6_cidr_block_association_id": "",
            "map_customer_owned_ip_on_launch": false,
            "map_public_ip_on_launch": false,
            "outpost_arn": "",
            "owner_id": "589076428231",
            "tags": {
              "Costcenter": "UNISYS-6754",
              "Environment": "prod",
              "Name": "Private-subnet-1-prod",
              "account_id": "589076428231"
            },
            "tags_all": {
              "Costcenter": "UNISYS-6754",
              "Environment": "prod",
              "Name": "Private-subnet-1-prod",
              "account_id": "589076428231"
            },
            "timeouts": null,
            "vpc_id": "vpc-07b06b0dc9e4c6e55"
          },
          "sensitive_attributes": [],
          "private": "eyJlMmJmYjczMC1lY2FhLTExZTYtOGY4OC0zNDM2M2JjN2M0YzAiOnsiY3JlYXRlIjo2MDAwMDAwMDAwMDAsImRlbGV0ZSI6MTIwMDAwMDAwMDAwMH0sInNjaGVtYV92ZXJzaW9uIjoiMSJ9",
          "dependencies": [
            "aws_vpc.main",
            "data.aws_caller_identity.current"
          ]
        }
      ]
    },
    {
      "mode": "managed",
      "type": "aws_subnet",
      "name": "pri_sub",
      "provider": "provider[\"registry.terraform.io/hashicorp/aws\"]",
      "instances": [
        {
          "index_key": 0,
          "schema_version": 1,
          "attributes": {
            "arn": "arn:aws:ec2:us-east-1:589076428231:subnet/subnet-0d896fce388ed3692",
            "assign_ipv6_address_on_creation": false,
            "availability_zone": "us-east-1b",
            "availability_zone_id": "use1-az4",
            "cidr_block": "10.0.96.0/20",
            "customer_owned_ipv4_pool": "",
            "id": "subnet-0d896fce388ed3692",
            "ipv6_cidr_block": "",
            "ipv6_cidr_block_association_id": "",
            "map_customer_owned_ip_on_launch": false,
            "map_public_ip_on_launch": false,
            "outpost_arn": "",
            "owner_id": "589076428231",
            "tags": {
              "Costcenter": "UNISYS-6754",
              "Environment": "prod",
              "Name": "Private-subnet-1-prod",
              "account_id": "589076428231"
            },
            "tags_all": {
              "Costcenter": "UNISYS-6754",
              "Environment": "prod",
              "Name": "Private-subnet-1-prod",
              "account_id": "589076428231"
            },
            "timeouts": null,
            "vpc_id": "vpc-07b06b0dc9e4c6e55"
          },
          "sensitive_attributes": [],
          "private": "eyJlMmJmYjczMC1lY2FhLTExZTYtOGY4OC0zNDM2M2JjN2M0YzAiOnsiY3JlYXRlIjo2MDAwMDAwMDAwMDAsImRlbGV0ZSI6MTIwMDAwMDAwMDAwMH0sInNjaGVtYV92ZXJzaW9uIjoiMSJ9",
          "dependencies": [
            "aws_vpc.main",
            "data.aws_availability_zones.available",
            "data.aws_caller_identity.current"
          ]
        },
        {
          "index_key": 1,
          "schema_version": 1,
          "attributes": {
            "arn": "arn:aws:ec2:us-east-1:589076428231:subnet/subnet-05b5d3ee14cfc620e",
            "assign_ipv6_address_on_creation": false,
            "availability_zone": "us-east-1d",
            "availability_zone_id": "use1-az1",
            "cidr_block": "10.0.112.0/20",
            "customer_owned_ipv4_pool": "",
            "id": "subnet-05b5d3ee14cfc620e",
            "ipv6_cidr_block": "",
            "ipv6_cidr_block_association_id": "",
            "map_customer_owned_ip_on_launch": false,
            "map_public_ip_on_launch": false,
            "outpost_arn": "",
            "owner_id": "589076428231",
            "tags": {
              "Costcenter": "UNISYS-6754",
              "Environment": "prod",
              "Name": "Private-subnet-2-prod",
              "account_id": "589076428231"
            },
            "tags_all": {
              "Costcenter": "UNISYS-6754",
              "Environment": "prod",
              "Name": "Private-subnet-2-prod",
              "account_id": "589076428231"
            },
            "timeouts": null,
            "vpc_id": "vpc-07b06b0dc9e4c6e55"
          },
          "sensitive_attributes": [],
          "private": "eyJlMmJmYjczMC1lY2FhLTExZTYtOGY4OC0zNDM2M2JjN2M0YzAiOnsiY3JlYXRlIjo2MDAwMDAwMDAwMDAsImRlbGV0ZSI6MTIwMDAwMDAwMDAwMH0sInNjaGVtYV92ZXJzaW9uIjoiMSJ9",
          "dependencies": [
            "aws_vpc.main",
            "data.aws_availability_zones.available",
            "data.aws_caller_identity.current"
          ]
        },
        {
          "index_key": 2,
          "schema_version": 1,
          "attributes": {
            "arn": "arn:aws:ec2:us-east-1:589076428231:subnet/subnet-0bdc952bfe2615871",
            "assign_ipv6_address_on_creation": false,
            "availability_zone": "us-east-1a",
            "availability_zone_id": "use1-az2",
            "cidr_block": "10.0.128.0/20",
            "customer_owned_ipv4_pool": "",
            "id": "subnet-0bdc952bfe2615871",
            "ipv6_cidr_block": "",
            "ipv6_cidr_block_association_id": "",
            "map_customer_owned_ip_on_launch": false,
            "map_public_ip_on_launch": false,
            "outpost_arn": "",
            "owner_id": "589076428231",
            "tags": {
              "Costcenter": "UNISYS-6754",
              "Environment": "prod",
              "Name": "Private-subnet-3-prod",
              "account_id": "589076428231"
            },
            "tags_all": {
              "Costcenter": "UNISYS-6754",
              "Environment": "prod",
              "Name": "Private-subnet-3-prod",
              "account_id": "589076428231"
            },
            "timeouts": null,
            "vpc_id": "vpc-07b06b0dc9e4c6e55"
          },
          "sensitive_attributes": [],
          "private": "eyJlMmJmYjczMC1lY2FhLTExZTYtOGY4OC0zNDM2M2JjN2M0YzAiOnsiY3JlYXRlIjo2MDAwMDAwMDAwMDAsImRlbGV0ZSI6MTIwMDAwMDAwMDAwMH0sInNjaGVtYV92ZXJzaW9uIjoiMSJ9",
          "dependencies": [
            "aws_vpc.main",
            "data.aws_availability_zones.available",
            "data.aws_caller_identity.current"
          ]
        },
        {
          "index_key": 3,
          "schema_version": 1,
          "attributes": {
            "arn": "arn:aws:ec2:us-east-1:589076428231:subnet/subnet-0e5d117f3a2663eb4",
            "assign_ipv6_address_on_creation": false,
            "availability_zone": "us-east-1d",
            "availability_zone_id": "use1-az1",
            "cidr_block": "10.0.144.0/20",
            "customer_owned_ipv4_pool": "",
            "id": "subnet-0e5d117f3a2663eb4",
            "ipv6_cidr_block": "",
            "ipv6_cidr_block_association_id": "",
            "map_customer_owned_ip_on_launch": false,
            "map_public_ip_on_launch": false,
            "outpost_arn": "",
            "owner_id": "589076428231",
            "tags": {
              "Costcenter": "UNISYS-6754",
              "Environment": "prod",
              "Name": "Private-subnet-4-prod",
              "account_id": "589076428231"
            },
            "tags_all": {
              "Costcenter": "UNISYS-6754",
              "Environment": "prod",
              "Name": "Private-subnet-4-prod",
              "account_id": "589076428231"
            },
            "timeouts": null,
            "vpc_id": "vpc-07b06b0dc9e4c6e55"
          },
          "sensitive_attributes": [],
          "private": "eyJlMmJmYjczMC1lY2FhLTExZTYtOGY4OC0zNDM2M2JjN2M0YzAiOnsiY3JlYXRlIjo2MDAwMDAwMDAwMDAsImRlbGV0ZSI6MTIwMDAwMDAwMDAwMH0sInNjaGVtYV92ZXJzaW9uIjoiMSJ9",
          "dependencies": [
            "aws_vpc.main",
            "data.aws_availability_zones.available",
            "data.aws_caller_identity.current"
          ]
        },
        {
          "index_key": 4,
          "schema_version": 1,
          "attributes": {
            "arn": "arn:aws:ec2:us-east-1:589076428231:subnet/subnet-0f970091c79578065",
            "assign_ipv6_address_on_creation": false,
            "availability_zone": "us-east-1d",
            "availability_zone_id": "use1-az1",
            "cidr_block": "10.0.160.0/20",
            "customer_owned_ipv4_pool": "",
            "id": "subnet-0f970091c79578065",
            "ipv6_cidr_block": "",
            "ipv6_cidr_block_association_id": "",
            "map_customer_owned_ip_on_launch": false,
            "map_public_ip_on_launch": false,
            "outpost_arn": "",
            "owner_id": "589076428231",
            "tags": {
              "Costcenter": "UNISYS-6754",
              "Environment": "prod",
              "Name": "Private-subnet-5-prod",
              "account_id": "589076428231"
            },
            "tags_all": {
              "Costcenter": "UNISYS-6754",
              "Environment": "prod",
              "Name": "Private-subnet-5-prod",
              "account_id": "589076428231"
            },
            "timeouts": null,
            "vpc_id": "vpc-07b06b0dc9e4c6e55"
          },
          "sensitive_attributes": [],
          "private": "eyJlMmJmYjczMC1lY2FhLTExZTYtOGY4OC0zNDM2M2JjN2M0YzAiOnsiY3JlYXRlIjo2MDAwMDAwMDAwMDAsImRlbGV0ZSI6MTIwMDAwMDAwMDAwMH0sInNjaGVtYV92ZXJzaW9uIjoiMSJ9",
          "dependencies": [
            "aws_vpc.main",
            "data.aws_availability_zones.available",
            "data.aws_caller_identity.current"
          ]
        },
        {
          "index_key": 5,
          "schema_version": 1,
          "attributes": {
            "arn": "arn:aws:ec2:us-east-1:589076428231:subnet/subnet-05a97ed993b485e60",
            "assign_ipv6_address_on_creation": false,
            "availability_zone": "us-east-1c",
            "availability_zone_id": "use1-az6",
            "cidr_block": "10.0.176.0/20",
            "customer_owned_ipv4_pool": "",
            "id": "subnet-05a97ed993b485e60",
            "ipv6_cidr_block": "",
            "ipv6_cidr_block_association_id": "",
            "map_customer_owned_ip_on_launch": false,
            "map_public_ip_on_launch": false,
            "outpost_arn": "",
            "owner_id": "589076428231",
            "tags": {
              "Costcenter": "UNISYS-6754",
              "Environment": "prod",
              "Name": "Private-subnet-6-prod",
              "account_id": "589076428231"
            },
            "tags_all": {
              "Costcenter": "UNISYS-6754",
              "Environment": "prod",
              "Name": "Private-subnet-6-prod",
              "account_id": "589076428231"
            },
            "timeouts": null,
            "vpc_id": "vpc-07b06b0dc9e4c6e55"
          },
          "sensitive_attributes": [],
          "private": "eyJlMmJmYjczMC1lY2FhLTExZTYtOGY4OC0zNDM2M2JjN2M0YzAiOnsiY3JlYXRlIjo2MDAwMDAwMDAwMDAsImRlbGV0ZSI6MTIwMDAwMDAwMDAwMH0sInNjaGVtYV92ZXJzaW9uIjoiMSJ9",
          "dependencies": [
            "aws_vpc.main",
            "data.aws_availability_zones.available",
            "data.aws_caller_identity.current"
          ]
        }
      ]
    },
    {
      "mode": "managed",
      "type": "aws_subnet",
      "name": "pub-sub",
      "provider": "provider[\"registry.terraform.io/hashicorp/aws\"]",
      "instances": [
        {
          "index_key": 0,
          "schema_version": 1,
          "attributes": {
            "arn": "arn:aws:ec2:us-east-1:589076428231:subnet/subnet-0988f8b7da8db7cca",
            "assign_ipv6_address_on_creation": false,
            "availability_zone": "us-east-1f",
            "availability_zone_id": "use1-az5",
            "cidr_block": "10.0.0.0/20",
            "customer_owned_ipv4_pool": "",
            "id": "subnet-0988f8b7da8db7cca",
            "ipv6_cidr_block": "",
            "ipv6_cidr_block_association_id": "",
            "map_customer_owned_ip_on_launch": false,
            "map_public_ip_on_launch": false,
            "outpost_arn": "",
            "owner_id": "589076428231",
            "tags": {
              "Costcenter": "UNISYS-6754",
              "Environment": "prod",
              "Name": "Public-subnet-1-prod",
              "account_id": "589076428231"
            },
            "tags_all": {
              "Costcenter": "UNISYS-6754",
              "Environment": "prod",
              "Name": "Public-subnet-1-prod",
              "account_id": "589076428231"
            },
            "timeouts": null,
            "vpc_id": "vpc-07b06b0dc9e4c6e55"
          },
          "sensitive_attributes": [],
          "private": "eyJlMmJmYjczMC1lY2FhLTExZTYtOGY4OC0zNDM2M2JjN2M0YzAiOnsiY3JlYXRlIjo2MDAwMDAwMDAwMDAsImRlbGV0ZSI6MTIwMDAwMDAwMDAwMH0sInNjaGVtYV92ZXJzaW9uIjoiMSJ9",
          "dependencies": [
            "aws_vpc.main",
            "data.aws_availability_zones.available",
            "data.aws_caller_identity.current"
          ]
        },
        {
          "index_key": 1,
          "schema_version": 1,
          "attributes": {
            "arn": "arn:aws:ec2:us-east-1:589076428231:subnet/subnet-01d2bf8c5bf62b89a",
            "assign_ipv6_address_on_creation": false,
            "availability_zone": "us-east-1e",
            "availability_zone_id": "use1-az3",
            "cidr_block": "10.0.16.0/20",
            "customer_owned_ipv4_pool": "",
            "id": "subnet-01d2bf8c5bf62b89a",
            "ipv6_cidr_block": "",
            "ipv6_cidr_block_association_id": "",
            "map_customer_owned_ip_on_launch": false,
            "map_public_ip_on_launch": false,
            "outpost_arn": "",
            "owner_id": "589076428231",
            "tags": {
              "Costcenter": "UNISYS-6754",
              "Environment": "prod",
              "Name": "Public-subnet-2-prod",
              "account_id": "589076428231"
            },
            "tags_all": {
              "Costcenter": "UNISYS-6754",
              "Environment": "prod",
              "Name": "Public-subnet-2-prod",
              "account_id": "589076428231"
            },
            "timeouts": null,
            "vpc_id": "vpc-07b06b0dc9e4c6e55"
          },
          "sensitive_attributes": [],
          "private": "eyJlMmJmYjczMC1lY2FhLTExZTYtOGY4OC0zNDM2M2JjN2M0YzAiOnsiY3JlYXRlIjo2MDAwMDAwMDAwMDAsImRlbGV0ZSI6MTIwMDAwMDAwMDAwMH0sInNjaGVtYV92ZXJzaW9uIjoiMSJ9",
          "dependencies": [
            "aws_vpc.main",
            "data.aws_availability_zones.available",
            "data.aws_caller_identity.current"
          ]
        },
        {
          "index_key": 2,
          "schema_version": 1,
          "attributes": {
            "arn": "arn:aws:ec2:us-east-1:589076428231:subnet/subnet-0ad37f3f1f6e9dda5",
            "assign_ipv6_address_on_creation": false,
            "availability_zone": "us-east-1f",
            "availability_zone_id": "use1-az5",
            "cidr_block": "10.0.32.0/20",
            "customer_owned_ipv4_pool": "",
            "id": "subnet-0ad37f3f1f6e9dda5",
            "ipv6_cidr_block": "",
            "ipv6_cidr_block_association_id": "",
            "map_customer_owned_ip_on_launch": false,
            "map_public_ip_on_launch": false,
            "outpost_arn": "",
            "owner_id": "589076428231",
            "tags": {
              "Costcenter": "UNISYS-6754",
              "Environment": "prod",
              "Name": "Public-subnet-3-prod",
              "account_id": "589076428231"
            },
            "tags_all": {
              "Costcenter": "UNISYS-6754",
              "Environment": "prod",
              "Name": "Public-subnet-3-prod",
              "account_id": "589076428231"
            },
            "timeouts": null,
            "vpc_id": "vpc-07b06b0dc9e4c6e55"
          },
          "sensitive_attributes": [],
          "private": "eyJlMmJmYjczMC1lY2FhLTExZTYtOGY4OC0zNDM2M2JjN2M0YzAiOnsiY3JlYXRlIjo2MDAwMDAwMDAwMDAsImRlbGV0ZSI6MTIwMDAwMDAwMDAwMH0sInNjaGVtYV92ZXJzaW9uIjoiMSJ9",
          "dependencies": [
            "aws_vpc.main",
            "data.aws_availability_zones.available",
            "data.aws_caller_identity.current"
          ]
        },
        {
          "index_key": 3,
          "schema_version": 1,
          "attributes": {
            "arn": "arn:aws:ec2:us-east-1:589076428231:subnet/subnet-02c72ec9326d28979",
            "assign_ipv6_address_on_creation": false,
            "availability_zone": "us-east-1e",
            "availability_zone_id": "use1-az3",
            "cidr_block": "10.0.48.0/20",
            "customer_owned_ipv4_pool": "",
            "id": "subnet-02c72ec9326d28979",
            "ipv6_cidr_block": "",
            "ipv6_cidr_block_association_id": "",
            "map_customer_owned_ip_on_launch": false,
            "map_public_ip_on_launch": false,
            "outpost_arn": "",
            "owner_id": "589076428231",
            "tags": {
              "Costcenter": "UNISYS-6754",
              "Environment": "prod",
              "Name": "Public-subnet-4-prod",
              "account_id": "589076428231"
            },
            "tags_all": {
              "Costcenter": "UNISYS-6754",
              "Environment": "prod",
              "Name": "Public-subnet-4-prod",
              "account_id": "589076428231"
            },
            "timeouts": null,
            "vpc_id": "vpc-07b06b0dc9e4c6e55"
          },
          "sensitive_attributes": [],
          "private": "eyJlMmJmYjczMC1lY2FhLTExZTYtOGY4OC0zNDM2M2JjN2M0YzAiOnsiY3JlYXRlIjo2MDAwMDAwMDAwMDAsImRlbGV0ZSI6MTIwMDAwMDAwMDAwMH0sInNjaGVtYV92ZXJzaW9uIjoiMSJ9",
          "dependencies": [
            "aws_vpc.main",
            "data.aws_availability_zones.available",
            "data.aws_caller_identity.current"
          ]
        },
        {
          "index_key": 4,
          "schema_version": 1,
          "attributes": {
            "arn": "arn:aws:ec2:us-east-1:589076428231:subnet/subnet-05dcbc40c6b4faa48",
            "assign_ipv6_address_on_creation": false,
            "availability_zone": "us-east-1c",
            "availability_zone_id": "use1-az6",
            "cidr_block": "10.0.64.0/20",
            "customer_owned_ipv4_pool": "",
            "id": "subnet-05dcbc40c6b4faa48",
            "ipv6_cidr_block": "",
            "ipv6_cidr_block_association_id": "",
            "map_customer_owned_ip_on_launch": false,
            "map_public_ip_on_launch": false,
            "outpost_arn": "",
            "owner_id": "589076428231",
            "tags": {
              "Costcenter": "UNISYS-6754",
              "Environment": "prod",
              "Name": "Public-subnet-5-prod",
              "account_id": "589076428231"
            },
            "tags_all": {
              "Costcenter": "UNISYS-6754",
              "Environment": "prod",
              "Name": "Public-subnet-5-prod",
              "account_id": "589076428231"
            },
            "timeouts": null,
            "vpc_id": "vpc-07b06b0dc9e4c6e55"
          },
          "sensitive_attributes": [],
          "private": "eyJlMmJmYjczMC1lY2FhLTExZTYtOGY4OC0zNDM2M2JjN2M0YzAiOnsiY3JlYXRlIjo2MDAwMDAwMDAwMDAsImRlbGV0ZSI6MTIwMDAwMDAwMDAwMH0sInNjaGVtYV92ZXJzaW9uIjoiMSJ9",
          "dependencies": [
            "aws_vpc.main",
            "data.aws_availability_zones.available",
            "data.aws_caller_identity.current"
          ]
        },
        {
          "index_key": 5,
          "schema_version": 1,
          "attributes": {
            "arn": "arn:aws:ec2:us-east-1:589076428231:subnet/subnet-07c77ab75e2ef9dac",
            "assign_ipv6_address_on_creation": false,
            "availability_zone": "us-east-1f",
            "availability_zone_id": "use1-az5",
            "cidr_block": "10.0.80.0/20",
            "customer_owned_ipv4_pool": "",
            "id": "subnet-07c77ab75e2ef9dac",
            "ipv6_cidr_block": "",
            "ipv6_cidr_block_association_id": "",
            "map_customer_owned_ip_on_launch": false,
            "map_public_ip_on_launch": false,
            "outpost_arn": "",
            "owner_id": "589076428231",
            "tags": {
              "Costcenter": "UNISYS-6754",
              "Environment": "prod",
              "Name": "Public-subnet-6-prod",
              "account_id": "589076428231"
            },
            "tags_all": {
              "Costcenter": "UNISYS-6754",
              "Environment": "prod",
              "Name": "Public-subnet-6-prod",
              "account_id": "589076428231"
            },
            "timeouts": null,
            "vpc_id": "vpc-07b06b0dc9e4c6e55"
          },
          "sensitive_attributes": [],
          "private": "eyJlMmJmYjczMC1lY2FhLTExZTYtOGY4OC0zNDM2M2JjN2M0YzAiOnsiY3JlYXRlIjo2MDAwMDAwMDAwMDAsImRlbGV0ZSI6MTIwMDAwMDAwMDAwMH0sInNjaGVtYV92ZXJzaW9uIjoiMSJ9",
          "dependencies": [
            "aws_vpc.main",
            "data.aws_availability_zones.available",
            "data.aws_caller_identity.current"
          ]
        }
      ]
    },
    {
      "mode": "managed",
      "type": "aws_vpc",
      "name": "main",
      "provider": "provider[\"registry.terraform.io/hashicorp/aws\"]",
      "instances": [
        {
          "schema_version": 1,
          "attributes": {
            "arn": "arn:aws:ec2:us-east-1:589076428231:vpc/vpc-07b06b0dc9e4c6e55",
            "assign_generated_ipv6_cidr_block": false,
            "cidr_block": "10.0.0.0/16",
            "default_network_acl_id": "acl-0c092b7cee88c0967",
            "default_route_table_id": "rtb-0c22a5c154ce2b092",
            "default_security_group_id": "sg-09c72e427f2a510a6",
            "dhcp_options_id": "dopt-44f4d73e",
            "enable_classiclink": false,
            "enable_classiclink_dns_support": false,
            "enable_dns_hostnames": false,
            "enable_dns_support": true,
            "id": "vpc-07b06b0dc9e4c6e55",
            "instance_tenancy": "default",
            "ipv6_association_id": "",
            "ipv6_cidr_block": "",
            "main_route_table_id": "rtb-0c22a5c154ce2b092",
            "owner_id": "589076428231",
            "tags": {
              "Environment": "prod",
              "Location": "Bangalore",
              "Name": "my-vpc-01-prod",
              "account_id": "589076428231"
            },
            "tags_all": {
              "Environment": "prod",
              "Location": "Bangalore",
              "Name": "my-vpc-01-prod",
              "account_id": "589076428231"
            }
          },
          "sensitive_attributes": [],
          "private": "eyJzY2hlbWFfdmVyc2lvbiI6IjEifQ==",
          "dependencies": [
            "data.aws_caller_identity.current"
          ]
        }
      ]
    }
  ]
}
