{
  "version": 4,
  "terraform_version": "0.14.7",
  "serial": 35,
  "lineage": "d7d09600-90db-af15-f64d-41a7e90936a5",
  "outputs": {
    "account_id": {
      "value": "589076428231",
      "type": "string"
    },
    "azs-of-region": {
      "value": "589076428231",
      "type": "string"
    },
    "no-azs-of-region": {
      "value": 6,
      "type": "number"
    },
    "vpc_id": {
      "value": "vpc-0cb836f6e8868ff0a",
      "type": "string"
    }
  },
  "resources": [
    {
      "mode": "data",
      "type": "aws_availability_zones",
      "name": "available",
      "provider": "provider[\"registry.terraform.io/hashicorp/aws\"]",
      "instances": [
        {
          "schema_version": 0,
          "attributes": {
            "all_availability_zones": null,
            "exclude_names": null,
            "exclude_zone_ids": null,
            "filter": null,
            "group_names": [
              "us-east-1"
            ],
            "id": "us-east-1",
            "names": [
              "us-east-1a",
              "us-east-1b",
              "us-east-1c",
              "us-east-1d",
              "us-east-1e",
              "us-east-1f"
            ],
            "state": "available",
            "zone_ids": [
              "use1-az2",
              "use1-az4",
              "use1-az6",
              "use1-az1",
              "use1-az3",
              "use1-az5"
            ]
          },
          "sensitive_attributes": []
        }
      ]
    },
    {
      "mode": "data",
      "type": "aws_caller_identity",
      "name": "current",
      "provider": "provider[\"registry.terraform.io/hashicorp/aws\"]",
      "instances": [
        {
          "schema_version": 0,
          "attributes": {
            "account_id": "589076428231",
            "arn": "arn:aws:iam::589076428231:user/terraformdemo-new",
            "id": "589076428231",
            "user_id": "AIDAYSJ5Q6XDTL5Q46WOS"
          },
          "sensitive_attributes": []
        }
      ]
    },
    {
      "mode": "managed",
      "type": "aws_subnet",
      "name": "con_sub",
      "provider": "provider[\"registry.terraform.io/hashicorp/aws\"]",
      "instances": [
        {
          "index_key": 0,
          "schema_version": 1,
          "attributes": {
            "arn": "arn:aws:ec2:us-east-1:589076428231:subnet/subnet-098601e4284df167b",
            "assign_ipv6_address_on_creation": false,
            "availability_zone": "us-east-1e",
            "availability_zone_id": "use1-az3",
            "cidr_block": "10.0.192.0/20",
            "customer_owned_ipv4_pool": "",
            "id": "subnet-098601e4284df167b",
            "ipv6_cidr_block": "",
            "ipv6_cidr_block_association_id": "",
            "map_customer_owned_ip_on_launch": false,
            "map_public_ip_on_launch": false,
            "outpost_arn": "",
            "owner_id": "589076428231",
            "tags": {
              "Costcenter": "UNISYS-6754",
              "Environment": "preprod",
              "Name": "Private-subnet-1-preprod",
              "account_id": "589076428231"
            },
            "tags_all": {
              "Costcenter": "UNISYS-6754",
              "Environment": "preprod",
              "Name": "Private-subnet-1-preprod",
              "account_id": "589076428231"
            },
            "timeouts": null,
            "vpc_id": "vpc-0cb836f6e8868ff0a"
          },
          "sensitive_attributes": [],
          "private": "eyJlMmJmYjczMC1lY2FhLTExZTYtOGY4OC0zNDM2M2JjN2M0YzAiOnsiY3JlYXRlIjo2MDAwMDAwMDAwMDAsImRlbGV0ZSI6MTIwMDAwMDAwMDAwMH0sInNjaGVtYV92ZXJzaW9uIjoiMSJ9",
          "dependencies": [
            "aws_vpc.main",
            "data.aws_caller_identity.current"
          ]
        }
      ]
    },
    {
      "mode": "managed",
      "type": "aws_subnet",
      "name": "pri_sub",
      "provider": "provider[\"registry.terraform.io/hashicorp/aws\"]",
      "instances": [
        {
          "index_key": 0,
          "schema_version": 1,
          "attributes": {
            "arn": "arn:aws:ec2:us-east-1:589076428231:subnet/subnet-02934025446a8e1ed",
            "assign_ipv6_address_on_creation": false,
            "availability_zone": "us-east-1d",
            "availability_zone_id": "use1-az1",
            "cidr_block": "10.0.96.0/20",
            "customer_owned_ipv4_pool": "",
            "id": "subnet-02934025446a8e1ed",
            "ipv6_cidr_block": "",
            "ipv6_cidr_block_association_id": "",
            "map_customer_owned_ip_on_launch": false,
            "map_public_ip_on_launch": false,
            "outpost_arn": "",
            "owner_id": "589076428231",
            "tags": {
              "Costcenter": "UNISYS-6754",
              "Environment": "preprod",
              "Name": "Private-subnet-1-preprod",
              "account_id": "589076428231"
            },
            "tags_all": {
              "Costcenter": "UNISYS-6754",
              "Environment": "preprod",
              "Name": "Private-subnet-1-preprod",
              "account_id": "589076428231"
            },
            "timeouts": null,
            "vpc_id": "vpc-0cb836f6e8868ff0a"
          },
          "sensitive_attributes": [],
          "private": "eyJlMmJmYjczMC1lY2FhLTExZTYtOGY4OC0zNDM2M2JjN2M0YzAiOnsiY3JlYXRlIjo2MDAwMDAwMDAwMDAsImRlbGV0ZSI6MTIwMDAwMDAwMDAwMH0sInNjaGVtYV92ZXJzaW9uIjoiMSJ9",
          "dependencies": [
            "aws_vpc.main",
            "data.aws_availability_zones.available",
            "data.aws_caller_identity.current"
          ]
        },
        {
          "index_key": 1,
          "schema_version": 1,
          "attributes": {
            "arn": "arn:aws:ec2:us-east-1:589076428231:subnet/subnet-009e8b7e93c5bc909",
            "assign_ipv6_address_on_creation": false,
            "availability_zone": "us-east-1e",
            "availability_zone_id": "use1-az3",
            "cidr_block": "10.0.112.0/20",
            "customer_owned_ipv4_pool": "",
            "id": "subnet-009e8b7e93c5bc909",
            "ipv6_cidr_block": "",
            "ipv6_cidr_block_association_id": "",
            "map_customer_owned_ip_on_launch": false,
            "map_public_ip_on_launch": false,
            "outpost_arn": "",
            "owner_id": "589076428231",
            "tags": {
              "Costcenter": "UNISYS-6754",
              "Environment": "preprod",
              "Name": "Private-subnet-2-preprod",
              "account_id": "589076428231"
            },
            "tags_all": {
              "Costcenter": "UNISYS-6754",
              "Environment": "preprod",
              "Name": "Private-subnet-2-preprod",
              "account_id": "589076428231"
            },
            "timeouts": null,
            "vpc_id": "vpc-0cb836f6e8868ff0a"
          },
          "sensitive_attributes": [],
          "private": "eyJlMmJmYjczMC1lY2FhLTExZTYtOGY4OC0zNDM2M2JjN2M0YzAiOnsiY3JlYXRlIjo2MDAwMDAwMDAwMDAsImRlbGV0ZSI6MTIwMDAwMDAwMDAwMH0sInNjaGVtYV92ZXJzaW9uIjoiMSJ9",
          "dependencies": [
            "aws_vpc.main",
            "data.aws_availability_zones.available",
            "data.aws_caller_identity.current"
          ]
        },
        {
          "index_key": 2,
          "schema_version": 1,
          "attributes": {
            "arn": "arn:aws:ec2:us-east-1:589076428231:subnet/subnet-06a5f2c052f571050",
            "assign_ipv6_address_on_creation": false,
            "availability_zone": "us-east-1d",
            "availability_zone_id": "use1-az1",
            "cidr_block": "10.0.128.0/20",
            "customer_owned_ipv4_pool": "",
            "id": "subnet-06a5f2c052f571050",
            "ipv6_cidr_block": "",
            "ipv6_cidr_block_association_id": "",
            "map_customer_owned_ip_on_launch": false,
            "map_public_ip_on_launch": false,
            "outpost_arn": "",
            "owner_id": "589076428231",
            "tags": {
              "Costcenter": "UNISYS-6754",
              "Environment": "preprod",
              "Name": "Private-subnet-3-preprod",
              "account_id": "589076428231"
            },
            "tags_all": {
              "Costcenter": "UNISYS-6754",
              "Environment": "preprod",
              "Name": "Private-subnet-3-preprod",
              "account_id": "589076428231"
            },
            "timeouts": null,
            "vpc_id": "vpc-0cb836f6e8868ff0a"
          },
          "sensitive_attributes": [],
          "private": "eyJlMmJmYjczMC1lY2FhLTExZTYtOGY4OC0zNDM2M2JjN2M0YzAiOnsiY3JlYXRlIjo2MDAwMDAwMDAwMDAsImRlbGV0ZSI6MTIwMDAwMDAwMDAwMH0sInNjaGVtYV92ZXJzaW9uIjoiMSJ9",
          "dependencies": [
            "aws_vpc.main",
            "data.aws_availability_zones.available",
            "data.aws_caller_identity.current"
          ]
        },
        {
          "index_key": 3,
          "schema_version": 1,
          "attributes": {
            "arn": "arn:aws:ec2:us-east-1:589076428231:subnet/subnet-0c2b017462493e604",
            "assign_ipv6_address_on_creation": false,
            "availability_zone": "us-east-1f",
            "availability_zone_id": "use1-az5",
            "cidr_block": "10.0.144.0/20",
            "customer_owned_ipv4_pool": "",
            "id": "subnet-0c2b017462493e604",
            "ipv6_cidr_block": "",
            "ipv6_cidr_block_association_id": "",
            "map_customer_owned_ip_on_launch": false,
            "map_public_ip_on_launch": false,
            "outpost_arn": "",
            "owner_id": "589076428231",
            "tags": {
              "Costcenter": "UNISYS-6754",
              "Environment": "preprod",
              "Name": "Private-subnet-4-preprod",
              "account_id": "589076428231"
            },
            "tags_all": {
              "Costcenter": "UNISYS-6754",
              "Environment": "preprod",
              "Name": "Private-subnet-4-preprod",
              "account_id": "589076428231"
            },
            "timeouts": null,
            "vpc_id": "vpc-0cb836f6e8868ff0a"
          },
          "sensitive_attributes": [],
          "private": "eyJlMmJmYjczMC1lY2FhLTExZTYtOGY4OC0zNDM2M2JjN2M0YzAiOnsiY3JlYXRlIjo2MDAwMDAwMDAwMDAsImRlbGV0ZSI6MTIwMDAwMDAwMDAwMH0sInNjaGVtYV92ZXJzaW9uIjoiMSJ9",
          "dependencies": [
            "aws_vpc.main",
            "data.aws_availability_zones.available",
            "data.aws_caller_identity.current"
          ]
        },
        {
          "index_key": 4,
          "schema_version": 1,
          "attributes": {
            "arn": "arn:aws:ec2:us-east-1:589076428231:subnet/subnet-05c7af898c4705712",
            "assign_ipv6_address_on_creation": false,
            "availability_zone": "us-east-1f",
            "availability_zone_id": "use1-az5",
            "cidr_block": "10.0.160.0/20",
            "customer_owned_ipv4_pool": "",
            "id": "subnet-05c7af898c4705712",
            "ipv6_cidr_block": "",
            "ipv6_cidr_block_association_id": "",
            "map_customer_owned_ip_on_launch": false,
            "map_public_ip_on_launch": false,
            "outpost_arn": "",
            "owner_id": "589076428231",
            "tags": {
              "Costcenter": "UNISYS-6754",
              "Environment": "preprod",
              "Name": "Private-subnet-5-preprod",
              "account_id": "589076428231"
            },
            "tags_all": {
              "Costcenter": "UNISYS-6754",
              "Environment": "preprod",
              "Name": "Private-subnet-5-preprod",
              "account_id": "589076428231"
            },
            "timeouts": null,
            "vpc_id": "vpc-0cb836f6e8868ff0a"
          },
          "sensitive_attributes": [],
          "private": "eyJlMmJmYjczMC1lY2FhLTExZTYtOGY4OC0zNDM2M2JjN2M0YzAiOnsiY3JlYXRlIjo2MDAwMDAwMDAwMDAsImRlbGV0ZSI6MTIwMDAwMDAwMDAwMH0sInNjaGVtYV92ZXJzaW9uIjoiMSJ9",
          "dependencies": [
            "aws_vpc.main",
            "data.aws_availability_zones.available",
            "data.aws_caller_identity.current"
          ]
        },
        {
          "index_key": 5,
          "schema_version": 1,
          "attributes": {
            "arn": "arn:aws:ec2:us-east-1:589076428231:subnet/subnet-0afd6097a75c28235",
            "assign_ipv6_address_on_creation": false,
            "availability_zone": "us-east-1e",
            "availability_zone_id": "use1-az3",
            "cidr_block": "10.0.176.0/20",
            "customer_owned_ipv4_pool": "",
            "id": "subnet-0afd6097a75c28235",
            "ipv6_cidr_block": "",
            "ipv6_cidr_block_association_id": "",
            "map_customer_owned_ip_on_launch": false,
            "map_public_ip_on_launch": false,
            "outpost_arn": "",
            "owner_id": "589076428231",
            "tags": {
              "Costcenter": "UNISYS-6754",
              "Environment": "preprod",
              "Name": "Private-subnet-6-preprod",
              "account_id": "589076428231"
            },
            "tags_all": {
              "Costcenter": "UNISYS-6754",
              "Environment": "preprod",
              "Name": "Private-subnet-6-preprod",
              "account_id": "589076428231"
            },
            "timeouts": null,
            "vpc_id": "vpc-0cb836f6e8868ff0a"
          },
          "sensitive_attributes": [],
          "private": "eyJlMmJmYjczMC1lY2FhLTExZTYtOGY4OC0zNDM2M2JjN2M0YzAiOnsiY3JlYXRlIjo2MDAwMDAwMDAwMDAsImRlbGV0ZSI6MTIwMDAwMDAwMDAwMH0sInNjaGVtYV92ZXJzaW9uIjoiMSJ9",
          "dependencies": [
            "aws_vpc.main",
            "data.aws_availability_zones.available",
            "data.aws_caller_identity.current"
          ]
        }
      ]
    },
    {
      "mode": "managed",
      "type": "aws_subnet",
      "name": "pub-sub",
      "provider": "provider[\"registry.terraform.io/hashicorp/aws\"]",
      "instances": [
        {
          "index_key": 0,
          "schema_version": 1,
          "attributes": {
            "arn": "arn:aws:ec2:us-east-1:589076428231:subnet/subnet-07d8111bd7d7d5ad7",
            "assign_ipv6_address_on_creation": false,
            "availability_zone": "us-east-1e",
            "availability_zone_id": "use1-az3",
            "cidr_block": "10.0.0.0/20",
            "customer_owned_ipv4_pool": "",
            "id": "subnet-07d8111bd7d7d5ad7",
            "ipv6_cidr_block": "",
            "ipv6_cidr_block_association_id": "",
            "map_customer_owned_ip_on_launch": false,
            "map_public_ip_on_launch": false,
            "outpost_arn": "",
            "owner_id": "589076428231",
            "tags": {
              "Costcenter": "UNISYS-6754",
              "Environment": "preprod",
              "Name": "Public-subnet-1-preprod",
              "account_id": "589076428231"
            },
            "tags_all": {
              "Costcenter": "UNISYS-6754",
              "Environment": "preprod",
              "Name": "Public-subnet-1-preprod",
              "account_id": "589076428231"
            },
            "timeouts": null,
            "vpc_id": "vpc-0cb836f6e8868ff0a"
          },
          "sensitive_attributes": [],
          "private": "eyJlMmJmYjczMC1lY2FhLTExZTYtOGY4OC0zNDM2M2JjN2M0YzAiOnsiY3JlYXRlIjo2MDAwMDAwMDAwMDAsImRlbGV0ZSI6MTIwMDAwMDAwMDAwMH0sInNjaGVtYV92ZXJzaW9uIjoiMSJ9",
          "dependencies": [
            "aws_vpc.main",
            "data.aws_availability_zones.available",
            "data.aws_caller_identity.current"
          ]
        },
        {
          "index_key": 1,
          "schema_version": 1,
          "attributes": {
            "arn": "arn:aws:ec2:us-east-1:589076428231:subnet/subnet-039b4b80267119841",
            "assign_ipv6_address_on_creation": false,
            "availability_zone": "us-east-1e",
            "availability_zone_id": "use1-az3",
            "cidr_block": "10.0.16.0/20",
            "customer_owned_ipv4_pool": "",
            "id": "subnet-039b4b80267119841",
            "ipv6_cidr_block": "",
            "ipv6_cidr_block_association_id": "",
            "map_customer_owned_ip_on_launch": false,
            "map_public_ip_on_launch": false,
            "outpost_arn": "",
            "owner_id": "589076428231",
            "tags": {
              "Costcenter": "UNISYS-6754",
              "Environment": "preprod",
              "Name": "Public-subnet-2-preprod",
              "account_id": "589076428231"
            },
            "tags_all": {
              "Costcenter": "UNISYS-6754",
              "Environment": "preprod",
              "Name": "Public-subnet-2-preprod",
              "account_id": "589076428231"
            },
            "timeouts": null,
            "vpc_id": "vpc-0cb836f6e8868ff0a"
          },
          "sensitive_attributes": [],
          "private": "eyJlMmJmYjczMC1lY2FhLTExZTYtOGY4OC0zNDM2M2JjN2M0YzAiOnsiY3JlYXRlIjo2MDAwMDAwMDAwMDAsImRlbGV0ZSI6MTIwMDAwMDAwMDAwMH0sInNjaGVtYV92ZXJzaW9uIjoiMSJ9",
          "dependencies": [
            "aws_vpc.main",
            "data.aws_availability_zones.available",
            "data.aws_caller_identity.current"
          ]
        },
        {
          "index_key": 2,
          "schema_version": 1,
          "attributes": {
            "arn": "arn:aws:ec2:us-east-1:589076428231:subnet/subnet-05d7c51ceb80c81c9",
            "assign_ipv6_address_on_creation": false,
            "availability_zone": "us-east-1c",
            "availability_zone_id": "use1-az6",
            "cidr_block": "10.0.32.0/20",
            "customer_owned_ipv4_pool": "",
            "id": "subnet-05d7c51ceb80c81c9",
            "ipv6_cidr_block": "",
            "ipv6_cidr_block_association_id": "",
            "map_customer_owned_ip_on_launch": false,
            "map_public_ip_on_launch": false,
            "outpost_arn": "",
            "owner_id": "589076428231",
            "tags": {
              "Costcenter": "UNISYS-6754",
              "Environment": "preprod",
              "Name": "Public-subnet-3-preprod",
              "account_id": "589076428231"
            },
            "tags_all": {
              "Costcenter": "UNISYS-6754",
              "Environment": "preprod",
              "Name": "Public-subnet-3-preprod",
              "account_id": "589076428231"
            },
            "timeouts": null,
            "vpc_id": "vpc-0cb836f6e8868ff0a"
          },
          "sensitive_attributes": [],
          "private": "eyJlMmJmYjczMC1lY2FhLTExZTYtOGY4OC0zNDM2M2JjN2M0YzAiOnsiY3JlYXRlIjo2MDAwMDAwMDAwMDAsImRlbGV0ZSI6MTIwMDAwMDAwMDAwMH0sInNjaGVtYV92ZXJzaW9uIjoiMSJ9",
          "dependencies": [
            "aws_vpc.main",
            "data.aws_availability_zones.available",
            "data.aws_caller_identity.current"
          ]
        },
        {
          "index_key": 3,
          "schema_version": 1,
          "attributes": {
            "arn": "arn:aws:ec2:us-east-1:589076428231:subnet/subnet-0c3645fb440d29faf",
            "assign_ipv6_address_on_creation": false,
            "availability_zone": "us-east-1f",
            "availability_zone_id": "use1-az5",
            "cidr_block": "10.0.48.0/20",
            "customer_owned_ipv4_pool": "",
            "id": "subnet-0c3645fb440d29faf",
            "ipv6_cidr_block": "",
            "ipv6_cidr_block_association_id": "",
            "map_customer_owned_ip_on_launch": false,
            "map_public_ip_on_launch": false,
            "outpost_arn": "",
            "owner_id": "589076428231",
            "tags": {
              "Costcenter": "UNISYS-6754",
              "Environment": "preprod",
              "Name": "Public-subnet-4-preprod",
              "account_id": "589076428231"
            },
            "tags_all": {
              "Costcenter": "UNISYS-6754",
              "Environment": "preprod",
              "Name": "Public-subnet-4-preprod",
              "account_id": "589076428231"
            },
            "timeouts": null,
            "vpc_id": "vpc-0cb836f6e8868ff0a"
          },
          "sensitive_attributes": [],
          "private": "eyJlMmJmYjczMC1lY2FhLTExZTYtOGY4OC0zNDM2M2JjN2M0YzAiOnsiY3JlYXRlIjo2MDAwMDAwMDAwMDAsImRlbGV0ZSI6MTIwMDAwMDAwMDAwMH0sInNjaGVtYV92ZXJzaW9uIjoiMSJ9",
          "dependencies": [
            "aws_vpc.main",
            "data.aws_availability_zones.available",
            "data.aws_caller_identity.current"
          ]
        },
        {
          "index_key": 4,
          "schema_version": 1,
          "attributes": {
            "arn": "arn:aws:ec2:us-east-1:589076428231:subnet/subnet-0adc2e5ae948f20fa",
            "assign_ipv6_address_on_creation": false,
            "availability_zone": "us-east-1e",
            "availability_zone_id": "use1-az3",
            "cidr_block": "10.0.64.0/20",
            "customer_owned_ipv4_pool": "",
            "id": "subnet-0adc2e5ae948f20fa",
            "ipv6_cidr_block": "",
            "ipv6_cidr_block_association_id": "",
            "map_customer_owned_ip_on_launch": false,
            "map_public_ip_on_launch": false,
            "outpost_arn": "",
            "owner_id": "589076428231",
            "tags": {
              "Costcenter": "UNISYS-6754",
              "Environment": "preprod",
              "Name": "Public-subnet-5-preprod",
              "account_id": "589076428231"
            },
            "tags_all": {
              "Costcenter": "UNISYS-6754",
              "Environment": "preprod",
              "Name": "Public-subnet-5-preprod",
              "account_id": "589076428231"
            },
            "timeouts": null,
            "vpc_id": "vpc-0cb836f6e8868ff0a"
          },
          "sensitive_attributes": [],
          "private": "eyJlMmJmYjczMC1lY2FhLTExZTYtOGY4OC0zNDM2M2JjN2M0YzAiOnsiY3JlYXRlIjo2MDAwMDAwMDAwMDAsImRlbGV0ZSI6MTIwMDAwMDAwMDAwMH0sInNjaGVtYV92ZXJzaW9uIjoiMSJ9",
          "dependencies": [
            "aws_vpc.main",
            "data.aws_availability_zones.available",
            "data.aws_caller_identity.current"
          ]
        },
        {
          "index_key": 5,
          "schema_version": 1,
          "attributes": {
            "arn": "arn:aws:ec2:us-east-1:589076428231:subnet/subnet-08b33b922140ea74f",
            "assign_ipv6_address_on_creation": false,
            "availability_zone": "us-east-1c",
            "availability_zone_id": "use1-az6",
            "cidr_block": "10.0.80.0/20",
            "customer_owned_ipv4_pool": "",
            "id": "subnet-08b33b922140ea74f",
            "ipv6_cidr_block": "",
            "ipv6_cidr_block_association_id": "",
            "map_customer_owned_ip_on_launch": false,
            "map_public_ip_on_launch": false,
            "outpost_arn": "",
            "owner_id": "589076428231",
            "tags": {
              "Costcenter": "UNISYS-6754",
              "Environment": "preprod",
              "Name": "Public-subnet-6-preprod",
              "account_id": "589076428231"
            },
            "tags_all": {
              "Costcenter": "UNISYS-6754",
              "Environment": "preprod",
              "Name": "Public-subnet-6-preprod",
              "account_id": "589076428231"
            },
            "timeouts": null,
            "vpc_id": "vpc-0cb836f6e8868ff0a"
          },
          "sensitive_attributes": [],
          "private": "eyJlMmJmYjczMC1lY2FhLTExZTYtOGY4OC0zNDM2M2JjN2M0YzAiOnsiY3JlYXRlIjo2MDAwMDAwMDAwMDAsImRlbGV0ZSI6MTIwMDAwMDAwMDAwMH0sInNjaGVtYV92ZXJzaW9uIjoiMSJ9",
          "dependencies": [
            "aws_vpc.main",
            "data.aws_availability_zones.available",
            "data.aws_caller_identity.current"
          ]
        }
      ]
    },
    {
      "mode": "managed",
      "type": "aws_vpc",
      "name": "main",
      "provider": "provider[\"registry.terraform.io/hashicorp/aws\"]",
      "instances": [
        {
          "schema_version": 1,
          "attributes": {
            "arn": "arn:aws:ec2:us-east-1:589076428231:vpc/vpc-0cb836f6e8868ff0a",
            "assign_generated_ipv6_cidr_block": false,
            "cidr_block": "10.0.0.0/16",
            "default_network_acl_id": "acl-08adc8ddde35f1f03",
            "default_route_table_id": "rtb-0b0c3a0ca9541a1d5",
            "default_security_group_id": "sg-066913dc54a993aa6",
            "dhcp_options_id": "dopt-44f4d73e",
            "enable_classiclink": false,
            "enable_classiclink_dns_support": false,
            "enable_dns_hostnames": false,
            "enable_dns_support": true,
            "id": "vpc-0cb836f6e8868ff0a",
            "instance_tenancy": "default",
            "ipv6_association_id": "",
            "ipv6_cidr_block": "",
            "main_route_table_id": "rtb-0b0c3a0ca9541a1d5",
            "owner_id": "589076428231",
            "tags": {
              "Environment": "preprod",
              "Location": "Bangalore",
              "Name": "my-vpc-01-preprod",
              "account_id": "589076428231"
            },
            "tags_all": {
              "Environment": "preprod",
              "Location": "Bangalore",
              "Name": "my-vpc-01-preprod",
              "account_id": "589076428231"
            }
          },
          "sensitive_attributes": [],
          "private": "eyJzY2hlbWFfdmVyc2lvbiI6IjEifQ==",
          "dependencies": [
            "data.aws_caller_identity.current"
          ]
        }
      ]
    }
  ]
}
